
Microsoft Visual Studio Solution File, Format Version 12.00
# Visual Studio Version 17
VisualStudioVersion = 17.2.32616.157
MinimumVisualStudioVersion = 10.0.40219.1
Project("{9A19103F-16F7-4668-BE54-9A1E7A4F7556}") = "Common.Commanding", "Commanding\Common.Commanding.csproj", "{7A808C83-6786-44E4-B52F-BB68A8517924}"
EndProject
Project("{9A19103F-16F7-4668-BE54-9A1E7A4F7556}") = "Common.Commanding.Tests", "Commanding.Tests\Common.Commanding.Tests.csproj", "{5F0BF067-48DD-4CD9-A6B0-23C3B656726B}"
EndProject
Project("{2150E333-8FDC-42A3-9474-1A3956D46DE8}") = "Solution Items", "Solution Items", "{9D1274EB-F4FE-40E3-8407-D3F41C751F93}"
	ProjectSection(SolutionItems) = preProject
		Solution Items\favicon.ico = Solution Items\favicon.ico
		Solution Items\PackageIcon.png = Solution Items\PackageIcon.png
	EndProjectSection
EndProject
Global
	GlobalSection(SolutionConfigurationPlatforms) = preSolution
		Debug|Any CPU = Debug|Any CPU
		Release|Any CPU = Release|Any CPU
	EndGlobalSection
	GlobalSection(ProjectConfigurationPlatforms) = postSolution
		{7A808C83-6786-44E4-B52F-BB68A8517924}.Debug|Any CPU.ActiveCfg = Debug|Any CPU
		{7A808C83-6786-44E4-B52F-BB68A8517924}.Debug|Any CPU.Build.0 = Debug|Any CPU
		{7A808C83-6786-44E4-B52F-BB68A8517924}.Release|Any CPU.ActiveCfg = Release|Any CPU
		{7A808C83-6786-44E4-B52F-BB68A8517924}.Release|Any CPU.Build.0 = Release|Any CPU
		{5F0BF067-48DD-4CD9-A6B0-23C3B656726B}.Debug|Any CPU.ActiveCfg = Debug|Any CPU
		{5F0BF067-48DD-4CD9-A6B0-23C3B656726B}.Debug|Any CPU.Build.0 = Debug|Any CPU
		{5F0BF067-48DD-4CD9-A6B0-23C3B656726B}.Release|Any CPU.ActiveCfg = Release|Any CPU
		{5F0BF067-48DD-4CD9-A6B0-23C3B656726B}.Release|Any CPU.Build.0 = Release|Any CPU
	EndGlobalSection
	GlobalSection(SolutionProperties) = preSolution
		HideSolutionNode = FALSE
	EndGlobalSection
	GlobalSection(ExtensibilityGlobals) = postSolution
		SolutionGuid = {BBADE7B3-3397-46EE-A773-68253DF73BEC}
	EndGlobalSection
EndGlobal
